// !$*UTF8*$!
{
	archiveVersion = 1;
	classes = {
	};
	objectVersion = 56;
	objects = {

/* Begin PBXBuildFile section */
		837751B62BA2C13400CC5C17 /* kalkApp.swift in Sources */ = {isa = PBXBuildFile; fileRef = 837751B52BA2C13400CC5C17 /* kalkApp.swift */; };
		837751BA2BA2C13500CC5C17 /* Assets.xcassets in Resources */ = {isa = PBXBuildFile; fileRef = 837751B92BA2C13500CC5C17 /* Assets.xcassets */; };
		837751BD2BA2C13500CC5C17 /* Preview Assets.xcassets in Resources */ = {isa = PBXBuildFile; fileRef = 837751BC2BA2C13500CC5C17 /* Preview Assets.xcassets */; };
/* End PBXBuildFile section */

/* Begin PBXContainerItemProxy section */
		837751C92BA2C13500CC5C17 /* PBXContainerItemProxy */ = {
			isa = PBXContainerItemProxy;
			containerPortal = 837751AA2BA2C13400CC5C17 /* Project object */;
			proxyType = 1;
			remoteGlobalIDString = 837751B12BA2C13400CC5C17;
			remoteInfo = kalk;
		};
		837751D32BA2C13500CC5C17 /* PBXContainerItemProxy */ = {
			isa = PBXContainerItemProxy;
			containerPortal = 837751AA2BA2C13400CC5C17 /* Project object */;
			proxyType = 1;
			remoteGlobalIDString = 837751B12BA2C13400CC5C17;
			remoteInfo = kalk;
		};
/* End PBXContainerItemProxy section */

/* Begin PBXFileReference section */
		837751B22BA2C13400CC5C17 /* kalk.app */ = {isa = PBXFileReference; explicitFileType = wrapper.application; includeInIndex = 0; path = kalk.app; sourceTree = BUILT_PRODUCTS_DIR; };
		837751B52BA2C13400CC5C17 /* kalkApp.swift */ = {isa = PBXFileReference; lastKnownFileType = sourcecode.swift; path = kalkApp.swift; sourceTree = "<group>"; };
		837751B92BA2C13500CC5C17 /* Assets.xcassets */ = {isa = PBXFileReference; lastKnownFileType = folder.assetcatalog; path = Assets.xcassets; sourceTree = "<group>"; };
		837751BC2BA2C13500CC5C17 /* Preview Assets.xcassets */ = {isa = PBXFileReference; lastKnownFileType = folder.assetcatalog; path = "Preview Assets.xcassets"; sourceTree = "<group>"; };
		837751C32BA2C13500CC5C17 /* kalk.entitlements */ = {isa = PBXFileReference; lastKnownFileType = text.plist.entitlements; path = kalk.entitlements; sourceTree = "<group>"; };
		837751C82BA2C13500CC5C17 /* kalkTests.xctest */ = {isa = PBXFileReference; explicitFileType = wrapper.cfbundle; includeInIndex = 0; path = kalkTests.xctest; sourceTree = BUILT_PRODUCTS_DIR; };
		837751D22BA2C13500CC5C17 /* kalkUITests.xctest */ = {isa = PBXFileReference; explicitFileType = wrapper.cfbundle; includeInIndex = 0; path = kalkUITests.xctest; sourceTree = BUILT_PRODUCTS_DIR; };
/* End PBXFileReference section */

/* Begin PBXFrameworksBuildPhase section */
		837751AF2BA2C13400CC5C17 /* Frameworks */ = {
			isa = PBXFrameworksBuildPhase;
			buildActionMask = 2147483647;
			files = (
			);
			runOnlyForDeploymentPostprocessing = 0;
		};
		837751C52BA2C13500CC5C17 /* Frameworks */ = {
			isa = PBXFrameworksBuildPhase;
			buildActionMask = 2147483647;
			files = (
			);
			runOnlyForDeploymentPostprocessing = 0;
		};
		837751CF2BA2C13500CC5C17 /* Frameworks */ = {
			isa = PBXFrameworksBuildPhase;
			buildActionMask = 2147483647;
			files = (
			);
			runOnlyForDeploymentPostprocessing = 0;
		};
/* End PBXFrameworksBuildPhase section */

/* Begin PBXGroup section */
		837751A92BA2C13400CC5C17 = {
			isa = PBXGroup;
			children = (
				837751B42BA2C13400CC5C17 /* kalk */,
				837751B32BA2C13400CC5C17 /* Products */,
			);
			sourceTree = "<group>";
		};
		837751B32BA2C13400CC5C17 /* Products */ = {
			isa = PBXGroup;
			children = (
				837751B22BA2C13400CC5C17 /* kalk.app */,
				837751C82BA2C13500CC5C17 /* kalkTests.xctest */,
				837751D22BA2C13500CC5C17 /* kalkUITests.xctest */,
			);
			name = Products;
			sourceTree = "<group>";
		};
		837751B42BA2C13400CC5C17 /* kalk */ = {
			isa = PBXGroup;
			children = (
				837751B52BA2C13400CC5C17 /* kalkApp.swift */,
				837751B92BA2C13500CC5C17 /* Assets.xcassets */,
				837751C32BA2C13500CC5C17 /* kalk.entitlements */,
				837751BB2BA2C13500CC5C17 /* Preview Content */,
			);
			path = kalk;
			sourceTree = "<group>";
		};
		837751BB2BA2C13500CC5C17 /* Preview Content */ = {
			isa = PBXGroup;
			children = (
				837751BC2BA2C13500CC5C17 /* Preview Assets.xcassets */,
			);
			path = "Preview Content";
			sourceTree = "<group>";
		};
/* End PBXGroup section */

/* Begin PBXNativeTarget section */
		837751B12BA2C13400CC5C17 /* kalk */ = {
			isa = PBXNativeTarget;
			buildConfigurationList = 837751DC2BA2C13500CC5C17 /* Build configuration list for PBXNativeTarget "kalk" */;
			buildPhases = (
				837751AE2BA2C13400CC5C17 /* Sources */,
				837751AF2BA2C13400CC5C17 /* Frameworks */,
				837751B02BA2C13400CC5C17 /* Resources */,
			);
			buildRules = (
			);
			dependencies = (
			);
			name = kalk;
			productName = kalk;
			productReference = 837751B22BA2C13400CC5C17 /* kalk.app */;
			productType = "com.apple.product-type.application";
		};
		837751C72BA2C13500CC5C17 /* kalkTests */ = {
			isa = PBXNativeTarget;
			buildConfigurationList = 837751DF2BA2C13500CC5C17 /* Build configuration list for PBXNativeTarget "kalkTests" */;
			buildPhases = (
				837751C42BA2C13500CC5C17 /* Sources */,
				837751C52BA2C13500CC5C17 /* Frameworks */,
				837751C62BA2C13500CC5C17 /* Resources */,
			);
			buildRules = (
			);
			dependencies = (
				837751CA2BA2C13500CC5C17 /* PBXTargetDependency */,
			);
			name = kalkTests;
			productName = kalkTests;
			productReference = 837751C82BA2C13500CC5C17 /* kalkTests.xctest */;
			productType = "com.apple.product-type.bundle.unit-test";
		};
		837751D12BA2C13500CC5C17 /* kalkUITests */ = {
			isa = PBXNativeTarget;
			buildConfigurationList = 837751E22BA2C13500CC5C17 /* Build configuration list for PBXNativeTarget "kalkUITests" */;
			buildPhases = (
				837751CE2BA2C13500CC5C17 /* Sources */,
				837751CF2BA2C13500CC5C17 /* Frameworks */,
				837751D02BA2C13500CC5C17 /* Resources */,
			);
			buildRules = (
			);
			dependencies = (
				837751D42BA2C13500CC5C17 /* PBXTargetDependency */,
			);
			name = kalkUITests;
			productName = kalkUITests;
			productReference = 837751D22BA2C13500CC5C17 /* kalkUITests.xctest */;
			productType = "com.apple.product-type.bundle.ui-testing";
		};
/* End PBXNativeTarget section */

/* Begin PBXProject section */
		837751AA2BA2C13400CC5C17 /* Project object */ = {
			isa = PBXProject;
			attributes = {
				BuildIndependentTargetsInParallel = 1;
				LastSwiftUpdateCheck = 1530;
				LastUpgradeCheck = 1530;
				TargetAttributes = {
					837751B12BA2C13400CC5C17 = {
						CreatedOnToolsVersion = 15.3;
					};
					837751C72BA2C13500CC5C17 = {
						CreatedOnToolsVersion = 15.3;
						TestTargetID = 837751B12BA2C13400CC5C17;
					};
					837751D12BA2C13500CC5C17 = {
						CreatedOnToolsVersion = 15.3;
						TestTargetID = 837751B12BA2C13400CC5C17;
					};
				};
			};
			buildConfigurationList = 837751AD2BA2C13400CC5C17 /* Build configuration list for PBXProject "kalk" */;
			compatibilityVersion = "Xcode 14.0";
			developmentRegion = en;
			hasScannedForEncodings = 0;
			knownRegions = (
				en,
				Base,
			);
			mainGroup = 837751A92BA2C13400CC5C17;
			productRefGroup = 837751B32BA2C13400CC5C17 /* Products */;
			projectDirPath = "";
			projectRoot = "";
			targets = (
				837751B12BA2C13400CC5C17 /* kalk */,
				837751C72BA2C13500CC5C17 /* kalkTests */,
				837751D12BA2C13500CC5C17 /* kalkUITests */,
			);
		};
/* End PBXProject section */

/* Begin PBXResourcesBuildPhase section */
		837751B02BA2C13400CC5C17 /* Resources */ = {
			isa = PBXResourcesBuildPhase;
			buildActionMask = 2147483647;
			files = (
				837751BD2BA2C13500CC5C17 /* Preview Assets.xcassets in Resources */,
				837751BA2BA2C13500CC5C17 /* Assets.xcassets in Resources */,
			);
			runOnlyForDeploymentPostprocessing = 0;
		};
		837751C62BA2C13500CC5C17 /* Resources */ = {
			isa = PBXResourcesBuildPhase;
			buildActionMask = 2147483647;
			files = (
			);
			runOnlyForDeploymentPostprocessing = 0;
		};
		837751D02BA2C13500CC5C17 /* Resources */ = {
			isa = PBXResourcesBuildPhase;
			buildActionMask = 2147483647;
			files = (
			);
			runOnlyForDeploymentPostprocessing = 0;
		};
/* End PBXResourcesBuildPhase section */

/* Begin PBXSourcesBuildPhase section */
		837751AE2BA2C13400CC5C17 /* Sources */ = {
			isa = PBXSourcesBuildPhase;
			buildActionMask = 2147483647;
			files = (
				837751B62BA2C13400CC5C17 /* kalkApp.swift in Sources */,
			);
			runOnlyForDeploymentPostprocessing = 0;
		};
		837751C42BA2C13500CC5C17 /* Sources */ = {
			isa = PBXSourcesBuildPhase;
			buildActionMask = 2147483647;
			files = (
			);
			runOnlyForDeploymentPostprocessing = 0;
		};
		837751CE2BA2C13500CC5C17 /* Sources */ = {
			isa = PBXSourcesBuildPhase;
			buildActionMask = 2147483647;
			files = (
			);
			runOnlyForDeploymentPostprocessing = 0;
		};
/* End PBXSourcesBuildPhase section */

/* Begin PBXTargetDependency section */
		837751CA2BA2C13500CC5C17 /* PBXTargetDependency */ = {
			isa = PBXTargetDependency;
			target = 837751B12BA2C13400CC5C17 /* kalk */;
			targetProxy = 837751C92BA2C13500CC5C17 /* PBXContainerItemProxy */;
		};
		837751D42BA2C13500CC5C17 /* PBXTargetDependency */ = {
			isa = PBXTargetDependency;
			target = 837751B12BA2C13400CC5C17 /* kalk */;
			targetProxy = 837751D32BA2C13500CC5C17 /* PBXContainerItemProxy */;
		};
/* End PBXTargetDependency section */

/* Begin XCBuildConfiguration section */
		837751DA2BA2C13500CC5C17 /* Debug */ = {
			isa = XCBuildConfiguration;
			buildSettings = {
				ALWAYS_SEARCH_USER_PATHS = NO;
				ASSETCATALOG_COMPILER_GENERATE_SWIFT_ASSET_SYMBOL_EXTENSIONS = YES;
				CLANG_ANALYZER_NONNULL = YES;
				CLANG_ANALYZER_NUMBER_OBJECT_CONVERSION = YES_AGGRESSIVE;
				CLANG_CXX_LANGUAGE_STANDARD = "gnu++20";
				CLANG_ENABLE_MODULES = YES;
				CLANG_ENABLE_OBJC_ARC = YES;
				CLANG_ENABLE_OBJC_WEAK = YES;
				CLANG_WARN_BLOCK_CAPTURE_AUTORELEASING = YES;
				CLANG_WARN_BOOL_CONVERSION = YES;
				CLANG_WARN_COMMA = YES;
				CLANG_WARN_CONSTANT_CONVERSION = YES;
				CLANG_WARN_DEPRECATED_OBJC_IMPLEMENTATIONS = YES;
				CLANG_WARN_DIRECT_OBJC_ISA_USAGE = YES_ERROR;
				CLANG_WARN_DOCUMENTATION_COMMENTS = YES;
				CLANG_WARN_EMPTY_BODY = YES;
				CLANG_WARN_ENUM_CONVERSION = YES;
				CLANG_WARN_INFINITE_RECURSION = YES;
				CLANG_WARN_INT_CONVERSION = YES;
				CLANG_WARN_NON_LITERAL_NULL_CONVERSION = YES;
				CLANG_WARN_OBJC_IMPLICIT_RETAIN_SELF = YES;
				CLANG_WARN_OBJC_LITERAL_CONVERSION = YES;
				CLANG_WARN_OBJC_ROOT_CLASS = YES_ERROR;
				CLANG_WARN_QUOTED_INCLUDE_IN_FRAMEWORK_HEADER = YES;
				CLANG_WARN_RANGE_LOOP_ANALYSIS = YES;
				CLANG_WARN_STRICT_PROTOTYPES = YES;
				CLANG_WARN_SUSPICIOUS_MOVE = YES;
				CLANG_WARN_UNGUARDED_AVAILABILITY = YES_AGGRESSIVE;
				CLANG_WARN_UNREACHABLE_CODE = YES;
				CLANG_WARN__DUPLICATE_METHOD_MATCH = YES;
				COPY_PHASE_STRIP = NO;
				DEBUG_INFORMATION_FORMAT = dwarf;
				ENABLE_STRICT_OBJC_MSGSEND = YES;
				ENABLE_TESTABILITY = YES;
				ENABLE_USER_SCRIPT_SANDBOXING = YES;
				GCC_C_LANGUAGE_STANDARD = gnu17;
				GCC_DYNAMIC_NO_PIC = NO;
				GCC_NO_COMMON_BLOCKS = YES;
				GCC_OPTIMIZATION_LEVEL = 0;
				GCC_PREPROCESSOR_DEFINITIONS = (
					"DEBUG=1",
					"$(inherited)",
				);
				GCC_WARN_64_TO_32_BIT_CONVERSION = YES;
				GCC_WARN_ABOUT_RETURN_TYPE = YES_ERROR;
				GCC_WARN_UNDECLARED_SELECTOR = YES;
				GCC_WARN_UNINITIALIZED_AUTOS = YES_AGGRESSIVE;
				GCC_WARN_UNUSED_FUNCTION = YES;
				GCC_WARN_UNUSED_VARIABLE = YES;
				LOCALIZATION_PREFERS_STRING_CATALOGS = YES;
				MACOSX_DEPLOYMENT_TARGET = 14.2;
				MTL_ENABLE_DEBUG_INFO = INCLUDE_SOURCE;
				MTL_FAST_MATH = YES;
				ONLY_ACTIVE_ARCH = YES;
				SDKROOT = macosx;
				SWIFT_ACTIVE_COMPILATION_CONDITIONS = "DEBUG $(inherited)";
				SWIFT_OPTIMIZATION_LEVEL = "-Onone";
			};
			name = Debug;
		};
		837751DB2BA2C13500CC5C17 /* Release */ = {
			isa = XCBuildConfiguration;
			buildSettings = {
				ALWAYS_SEARCH_USER_PATHS = NO;
				ASSETCATALOG_COMPILER_GENERATE_SWIFT_ASSET_SYMBOL_EXTENSIONS = YES;
				CLANG_ANALYZER_NONNULL = YES;
				CLANG_ANALYZER_NUMBER_OBJECT_CONVERSION = YES_AGGRESSIVE;
				CLANG_CXX_LANGUAGE_STANDARD = "gnu++20";
				CLANG_ENABLE_MODULES = YES;
				CLANG_ENABLE_OBJC_ARC = YES;
				CLANG_ENABLE_OBJC_WEAK = YES;
				CLANG_WARN_BLOCK_CAPTURE_AUTORELEASING = YES;
				CLANG_WARN_BOOL_CONVERSION = YES;
				CLANG_WARN_COMMA = YES;
				CLANG_WARN_CONSTANT_CONVERSION = YES;
				CLANG_WARN_DEPRECATED_OBJC_IMPLEMENTATIONS = YES;
				CLANG_WARN_DIRECT_OBJC_ISA_USAGE = YES_ERROR;
				CLANG_WARN_DOCUMENTATION_COMMENTS = YES;
				CLANG_WARN_EMPTY_BODY = YES;
				CLANG_WARN_ENUM_CONVERSION = YES;
				CLANG_WARN_INFINITE_RECURSION = YES;
				CLANG_WARN_INT_CONVERSION = YES;
				CLANG_WARN_NON_LITERAL_NULL_CONVERSION = YES;
				CLANG_WARN_OBJC_IMPLICIT_RETAIN_SELF = YES;
				CLANG_WARN_OBJC_LITERAL_CONVERSION = YES;
				CLANG_WARN_OBJC_ROOT_CLASS = YES_ERROR;
				CLANG_WARN_QUOTED_INCLUDE_IN_FRAMEWORK_HEADER = YES;
				CLANG_WARN_RANGE_LOOP_ANALYSIS = YES;
				CLANG_WARN_STRICT_PROTOTYPES = YES;
				CLANG_WARN_SUSPICIOUS_MOVE = YES;
				CLANG_WARN_UNGUARDED_AVAILABILITY = YES_AGGRESSIVE;
				CLANG_WARN_UNREACHABLE_CODE = YES;
				CLANG_WARN__DUPLICATE_METHOD_MATCH = YES;
				COPY_PHASE_STRIP = NO;
				DEBUG_INFORMATION_FORMAT = "dwarf-with-dsym";
				ENABLE_NS_ASSERTIONS = NO;
				ENABLE_STRICT_OBJC_MSGSEND = YES;
				ENABLE_USER_SCRIPT_SANDBOXING = YES;
				GCC_C_LANGUAGE_STANDARD = gnu17;
				GCC_NO_COMMON_BLOCKS = YES;
				GCC_WARN_64_TO_32_BIT_CONVERSION = YES;
				GCC_WARN_ABOUT_RETURN_TYPE = YES_ERROR;
				GCC_WARN_UNDECLARED_SELECTOR = YES;
				GCC_WARN_UNINITIALIZED_AUTOS = YES_AGGRESSIVE;
				GCC_WARN_UNUSED_FUNCTION = YES;
				GCC_WARN_UNUSED_VARIABLE = YES;
				LOCALIZATION_PREFERS_STRING_CATALOGS = YES;
				MACOSX_DEPLOYMENT_TARGET = 14.2;
				MTL_ENABLE_DEBUG_INFO = NO;
				MTL_FAST_MATH = YES;
				SDKROOT = macosx;
				SWIFT_COMPILATION_MODE = wholemodule;
			};
			name = Release;
		};
		837751DD2BA2C13500CC5C17 /* Debug */ = {
			isa = XCBuildConfiguration;
			buildSettings = {
				ASSETCATALOG_COMPILER_APPICON_NAME = AppIcon;
				ASSETCATALOG_COMPILER_GLOBAL_ACCENT_COLOR_NAME = AccentColor;
				CODE_SIGN_ENTITLEMENTS = kalk/kalk.entitlements;
				CODE_SIGN_STYLE = Automatic;
				COMBINE_HIDPI_IMAGES = YES;
				CURRENT_PROJECT_VERSION = 1;
				DEVELOPMENT_ASSET_PATHS = "\"kalk/Preview Content\"";
				DEVELOPMENT_TEAM = SMF36M99SH;
				ENABLE_HARDENED_RUNTIME = YES;
				ENABLE_PREVIEWS = YES;
				GENERATE_INFOPLIST_FILE = YES;
				INFOPLIST_KEY_LSUIElement = YES;
				INFOPLIST_KEY_NSHumanReadableCopyright = "";
				LD_RUNPATH_SEARCH_PATHS = (
					"$(inherited)",
					"@executable_path/../Frameworks",
				);
				MARKETING_VERSION = 1.0;
				PRODUCT_BUNDLE_IDENTIFIER = dev.chriswindsor.kalk;
				PRODUCT_NAME = "$(TARGET_NAME)";
				SWIFT_EMIT_LOC_STRINGS = YES;
				SWIFT_VERSION = 5.0;
			};
			name = Debug;
		};
		837751DE2BA2C13500CC5C17 /* Release */ = {
			isa = XCBuildConfiguration;
			buildSettings = {
				ASSETCATALOG_COMPILER_APPICON_NAME = AppIcon;
				ASSETCATALOG_COMPILER_GLOBAL_ACCENT_COLOR_NAME = AccentColor;
				CODE_SIGN_ENTITLEMENTS = kalk/kalk.entitlements;
				CODE_SIGN_STYLE = Automatic;
				COMBINE_HIDPI_IMAGES = YES;
				CURRENT_PROJECT_VERSION = 1;
				DEVELOPMENT_ASSET_PATHS = "\"kalk/Preview Content\"";
				DEVELOPMENT_TEAM = SMF36M99SH;
				ENABLE_HARDENED_RUNTIME = YES;
				ENABLE_PREVIEWS = YES;
				GENERATE_INFOPLIST_FILE = YES;
				INFOPLIST_KEY_LSUIElement = YES;
				INFOPLIST_KEY_NSHumanReadableCopyright = "";
				LD_RUNPATH_SEARCH_PATHS = (
					"$(inherited)",
					"@executable_path/../Frameworks",
				);
				MARKETING_VERSION = 1.0;
				PRODUCT_BUNDLE_IDENTIFIER = dev.chriswindsor.kalk;
				PRODUCT_NAME = "$(TARGET_NAME)";
				SWIFT_EMIT_LOC_STRINGS = YES;
				SWIFT_VERSION = 5.0;
			};
			name = Release;
		};
		837751E02BA2C13500CC5C17 /* Debug */ = {
			isa = XCBuildConfiguration;
			buildSettings = {
				ALWAYS_EMBED_SWIFT_STANDARD_LIBRARIES = YES;
				BUNDLE_LOADER = "$(TEST_HOST)";
				CODE_SIGN_STYLE = Automatic;
				CURRENT_PROJECT_VERSION = 1;
				DEVELOPMENT_TEAM = SMF36M99SH;
				GENERATE_INFOPLIST_FILE = YES;
				MACOSX_DEPLOYMENT_TARGET = 14.2;
				MARKETING_VERSION = 1.0;
				PRODUCT_BUNDLE_IDENTIFIER = dev.chriswindsor.kalkTests;
				PRODUCT_NAME = "$(TARGET_NAME)";
				SWIFT_EMIT_LOC_STRINGS = NO;
				SWIFT_VERSION = 5.0;
				TEST_HOST = "$(BUILT_PRODUCTS_DIR)/kalk.app/$(BUNDLE_EXECUTABLE_FOLDER_PATH)/kalk";
			};
			name = Debug;
		};
		837751E12BA2C13500CC5C17 /* Release */ = {
			isa = XCBuildConfiguration;
			buildSettings = {
				ALWAYS_EMBED_SWIFT_STANDARD_LIBRARIES = YES;
				BUNDLE_LOADER = "$(TEST_HOST)";
				CODE_SIGN_STYLE = Automatic;
				CURRENT_PROJECT_VERSION = 1;
				DEVELOPMENT_TEAM = SMF36M99SH;
				GENERATE_INFOPLIST_FILE = YES;
				MACOSX_DEPLOYMENT_TARGET = 14.2;
				MARKETING_VERSION = 1.0;
				PRODUCT_BUNDLE_IDENTIFIER = dev.chriswindsor.kalkTests;
				PRODUCT_NAME = "$(TARGET_NAME)";
				SWIFT_EMIT_LOC_STRINGS = NO;
				SWIFT_VERSION = 5.0;
				TEST_HOST = "$(BUILT_PRODUCTS_DIR)/kalk.app/$(BUNDLE_EXECUTABLE_FOLDER_PATH)/kalk";
			};
			name = Release;
		};
		837751E32BA2C13500CC5C17 /* Debug */ = {
			isa = XCBuildConfiguration;
			buildSettings = {
				ALWAYS_EMBED_SWIFT_STANDARD_LIBRARIES = YES;
				CODE_SIGN_STYLE = Automatic;
				CURRENT_PROJECT_VERSION = 1;
				DEVELOPMENT_TEAM = SMF36M99SH;
				GENERATE_INFOPLIST_FILE = YES;
				MARKETING_VERSION = 1.0;
				PRODUCT_BUNDLE_IDENTIFIER = dev.chriswindsor.kalkUITests;
				PRODUCT_NAME = "$(TARGET_NAME)";
				SWIFT_EMIT_LOC_STRINGS = NO;
				SWIFT_VERSION = 5.0;
				TEST_TARGET_NAME = kalk;
			};
			name = Debug;
		};
		837751E42BA2C13500CC5C17 /* Release */ = {
			isa = XCBuildConfiguration;
			buildSettings = {
				ALWAYS_EMBED_SWIFT_STANDARD_LIBRARIES = YES;
				CODE_SIGN_STYLE = Automatic;
				CURRENT_PROJECT_VERSION = 1;
				DEVELOPMENT_TEAM = SMF36M99SH;
				GENERATE_INFOPLIST_FILE = YES;
				MARKETING_VERSION = 1.0;
				PRODUCT_BUNDLE_IDENTIFIER = dev.chriswindsor.kalkUITests;
				PRODUCT_NAME = "$(TARGET_NAME)";
				SWIFT_EMIT_LOC_STRINGS = NO;
				SWIFT_VERSION = 5.0;
				TEST_TARGET_NAME = kalk;
			};
			name = Release;
		};
/* End XCBuildConfiguration section */

/* Begin XCConfigurationList section */
		837751AD2BA2C13400CC5C17 /* Build configuration list for PBXProject "kalk" */ = {
			isa = XCConfigurationList;
			buildConfigurations = (
				837751DA2BA2C13500CC5C17 /* Debug */,
				837751DB2BA2C13500CC5C17 /* Release */,
			);
			defaultConfigurationIsVisible = 0;
			defaultConfigurationName = Release;
		};
		837751DC2BA2C13500CC5C17 /* Build configuration list for PBXNativeTarget "kalk" */ = {
			isa = XCConfigurationList;
			buildConfigurations = (
				837751DD2BA2C13500CC5C17 /* Debug */,
				837751DE2BA2C13500CC5C17 /* Release */,
			);
			defaultConfigurationIsVisible = 0;
			defaultConfigurationName = Release;
		};
		837751DF2BA2C13500CC5C17 /* Build configuration list for PBXNativeTarget "kalkTests" */ = {
			isa = XCConfigurationList;
			buildConfigurations = (
				837751E02BA2C13500CC5C17 /* Debug */,
				837751E12BA2C13500CC5C17 /* Release */,
			);
			defaultConfigurationIsVisible = 0;
			defaultConfigurationName = Release;
		};
		837751E22BA2C13500CC5C17 /* Build configuration list for PBXNativeTarget "kalkUITests" */ = {
			isa = XCConfigurationList;
			buildConfigurations = (
				837751E32BA2C13500CC5C17 /* Debug */,
				837751E42BA2C13500CC5C17 /* Release */,
			);
			defaultConfigurationIsVisible = 0;
			defaultConfigurationName = Release;
		};
/* End XCConfigurationList section */
	};
	rootObject = 837751AA2BA2C13400CC5C17 /* Project object */;
}
